
Microsoft Visual Studio Solution File, Format Version 12.00
# Visual Studio Version 17
VisualStudioVersion = 17.0.31903.59
MinimumVisualStudioVersion = 10.0.40219.1
Project("{FAE04EC0-301F-11D3-BF4B-00C04F79EFBC}") = "CruxEngine", "CruxEngine\CruxEngine.csproj", "{4286B4C8-2936-4663-A3DE-AE9C1F48172A}"
EndProject
Project("{FAE04EC0-301F-11D3-BF4B-00C04F79EFBC}") = "Game", "Game\Game.csproj", "{91E13E55-5152-4746-A343-39A33C21F6CD}"
EndProject
Global
	GlobalSection(SolutionConfigurationPlatforms) = preSolution
		Debug|Any CPU = Debug|Any CPU
		Release|Any CPU = Release|Any CPU
	EndGlobalSection
	GlobalSection(SolutionProperties) = preSolution
		HideSolutionNode = FALSE
	EndGlobalSection
	GlobalSection(ProjectConfigurationPlatforms) = postSolution
		{4286B4C8-2936-4663-A3DE-AE9C1F48172A}.Debug|Any CPU.ActiveCfg = Debug|Any CPU
		{4286B4C8-2936-4663-A3DE-AE9C1F48172A}.Debug|Any CPU.Build.0 = Debug|Any CPU
		{4286B4C8-2936-4663-A3DE-AE9C1F48172A}.Release|Any CPU.ActiveCfg = Release|Any CPU
		{4286B4C8-2936-4663-A3DE-AE9C1F48172A}.Release|Any CPU.Build.0 = Release|Any CPU
		{91E13E55-5152-4746-A343-39A33C21F6CD}.Debug|Any CPU.ActiveCfg = Debug|Any CPU
		{91E13E55-5152-4746-A343-39A33C21F6CD}.Debug|Any CPU.Build.0 = Debug|Any CPU
		{91E13E55-5152-4746-A343-39A33C21F6CD}.Release|Any CPU.ActiveCfg = Release|Any CPU
		{91E13E55-5152-4746-A343-39A33C21F6CD}.Release|Any CPU.Build.0 = Release|Any CPU
	EndGlobalSection
EndGlobal
